
Microsoft Visual Studio Solution File, Format Version 12.00
# Visual Studio Version 17
VisualStudioVersion = 17.11.35312.102
MinimumVisualStudioVersion = 10.0.40219.1
Project("{9A19103F-16F7-4668-BE54-9A1E7A4F7556}") = "A_Variables", "A_Variables\A_Variables.csproj", "{9C99D533-8612-4E95-97BC-B3CE9E52337C}"
EndProject
Project("{FAE04EC0-301F-11D3-BF4B-00C04F79EFBC}") = "B_TypeConvertion", "A_TypeConvention\B_TypeConvertion.csproj", "{2C2FC446-42F0-4967-8902-B32C4F645B3B}"
EndProject
Global
	GlobalSection(SolutionConfigurationPlatforms) = preSolution
		Debug|Any CPU = Debug|Any CPU
		Release|Any CPU = Release|Any CPU
	EndGlobalSection
	GlobalSection(ProjectConfigurationPlatforms) = postSolution
		{9C99D533-8612-4E95-97BC-B3CE9E52337C}.Debug|Any CPU.ActiveCfg = Debug|Any CPU
		{9C99D533-8612-4E95-97BC-B3CE9E52337C}.Debug|Any CPU.Build.0 = Debug|Any CPU
		{9C99D533-8612-4E95-97BC-B3CE9E52337C}.Release|Any CPU.ActiveCfg = Release|Any CPU
		{9C99D533-8612-4E95-97BC-B3CE9E52337C}.Release|Any CPU.Build.0 = Release|Any CPU
		{2C2FC446-42F0-4967-8902-B32C4F645B3B}.Debug|Any CPU.ActiveCfg = Debug|Any CPU
		{2C2FC446-42F0-4967-8902-B32C4F645B3B}.Debug|Any CPU.Build.0 = Debug|Any CPU
		{2C2FC446-42F0-4967-8902-B32C4F645B3B}.Release|Any CPU.ActiveCfg = Release|Any CPU
		{2C2FC446-42F0-4967-8902-B32C4F645B3B}.Release|Any CPU.Build.0 = Release|Any CPU
	EndGlobalSection
	GlobalSection(SolutionProperties) = preSolution
		HideSolutionNode = FALSE
	EndGlobalSection
	GlobalSection(ExtensibilityGlobals) = postSolution
		SolutionGuid = {77E6FC48-B833-40B3-97F8-13E203BC7CD6}
	EndGlobalSection
EndGlobal
